
Microsoft Visual Studio Solution File, Format Version 12.00
# Visual Studio 15
VisualStudioVersion = 15.0.28010.2048
MinimumVisualStudioVersion = 10.0.40219.1
Project("{FAE04EC0-301F-11D3-BF4B-00C04F79EFBC}") = "Paint", "Paint\Paint.csproj", "{72082052-FE0F-43D3-A044-730CCE8797EB}"
EndProject
Global
	GlobalSection(SolutionConfigurationPlatforms) = preSolution
		Debug|Any CPU = Debug|Any CPU
		Release|Any CPU = Release|Any CPU
	EndGlobalSection
	GlobalSection(ProjectConfigurationPlatforms) = postSolution
		{72082052-FE0F-43D3-A044-730CCE8797EB}.Debug|Any CPU.ActiveCfg = Debug|Any CPU
		{72082052-FE0F-43D3-A044-730CCE8797EB}.Debug|Any CPU.Build.0 = Debug|Any CPU
		{72082052-FE0F-43D3-A044-730CCE8797EB}.Release|Any CPU.ActiveCfg = Release|Any CPU
		{72082052-FE0F-43D3-A044-730CCE8797EB}.Release|Any CPU.Build.0 = Release|Any CPU
	EndGlobalSection
	GlobalSection(SolutionProperties) = preSolution
		HideSolutionNode = FALSE
	EndGlobalSection
	GlobalSection(ExtensibilityGlobals) = postSolution
		SolutionGuid = {E2FF045F-9624-49C6-A9FF-15A7E63802D6}
	EndGlobalSection
EndGlobal
